
Microsoft Visual Studio Solution File, Format Version 12.00
# Visual Studio Version 17
VisualStudioVersion = 17.4.33213.308
MinimumVisualStudioVersion = 10.0.40219.1
Project("{FAE04EC0-301F-11D3-BF4B-00C04F79EFBC}") = "PruebaTecnica-DanielGarita-CNET", "PruebaTecnica-DanielGarita-CNET\PruebaTecnica-DanielGarita-CNET.csproj", "{07ADB834-39BC-469B-9618-0BE736AB58CF}"
EndProject
Global
	GlobalSection(SolutionConfigurationPlatforms) = preSolution
		Debug|Any CPU = Debug|Any CPU
		Release|Any CPU = Release|Any CPU
	EndGlobalSection
	GlobalSection(ProjectConfigurationPlatforms) = postSolution
		{07ADB834-39BC-469B-9618-0BE736AB58CF}.Debug|Any CPU.ActiveCfg = Debug|Any CPU
		{07ADB834-39BC-469B-9618-0BE736AB58CF}.Debug|Any CPU.Build.0 = Debug|Any CPU
		{07ADB834-39BC-469B-9618-0BE736AB58CF}.Release|Any CPU.ActiveCfg = Release|Any CPU
		{07ADB834-39BC-469B-9618-0BE736AB58CF}.Release|Any CPU.Build.0 = Release|Any CPU
	EndGlobalSection
	GlobalSection(SolutionProperties) = preSolution
		HideSolutionNode = FALSE
	EndGlobalSection
	GlobalSection(ExtensibilityGlobals) = postSolution
		SolutionGuid = {B0FC17A1-997F-462A-AD43-41C5DD8D66EF}
	EndGlobalSection
EndGlobal
